
Microsoft Visual Studio Solution File, Format Version 12.00
# Visual Studio Version 16
VisualStudioVersion = 16.0.30413.136
MinimumVisualStudioVersion = 10.0.40219.1
Project("{9A19103F-16F7-4668-BE54-9A1E7A4F7556}") = "C1_WriteLine", "C1_WriteLine\C1_WriteLine.csproj", "{7C397293-E959-4171-8FF1-5430A35A2F59}"
EndProject
Project("{9A19103F-16F7-4668-BE54-9A1E7A4F7556}") = "C2_ReadLine", "C2_ReadLine\C2_ReadLine.csproj", "{235C5F66-7539-402B-A4F2-73DE1562EC6C}"
EndProject
Project("{9A19103F-16F7-4668-BE54-9A1E7A4F7556}") = "C3_WithAClass", "C3_WithAClass\C3_WithAClass.csproj", "{8FF4CB13-8147-4D92-AA32-ADA3F6067975}"
EndProject
Project("{9A19103F-16F7-4668-BE54-9A1E7A4F7556}") = "C4_WithMethods", "C4_WithMethods\C4_WithMethods.csproj", "{B1E40728-B621-4ECE-B1D0-9950074217C6}"
EndProject
Project("{9A19103F-16F7-4668-BE54-9A1E7A4F7556}") = "C5_WithAgeCalculation", "C5_WithAgeCalculation\C5_WithAgeCalculation.csproj", "{339F1CD3-AC59-4A5E-96CF-9BAC17F76411}"
EndProject
Project("{9A19103F-16F7-4668-BE54-9A1E7A4F7556}") = "C6_GettersAndSetters", "C6_GettersAndSetters\C6_GettersAndSetters.csproj", "{0613AADC-B885-4494-BDBC-F6D4A2E62A11}"
EndProject
Project("{9A19103F-16F7-4668-BE54-9A1E7A4F7556}") = "C7_GettersAndSettersV2", "C7_GettersAndSettersV2\C7_GettersAndSettersV2.csproj", "{63ADA921-E56B-4697-BEC8-3467D2138DE0}"
EndProject
Project("{9A19103F-16F7-4668-BE54-9A1E7A4F7556}") = "C8_Arrays", "C8_Arrays\C8_Arrays.csproj", "{06975578-F6E2-4388-8A58-5C21B27DDB43}"
EndProject
Project("{9A19103F-16F7-4668-BE54-9A1E7A4F7556}") = "C9_Lists", "C9_Lists\C9_Lists.csproj", "{9FC9EF78-DC28-40DD-848C-D69AD8A37156}"
EndProject
Project("{9A19103F-16F7-4668-BE54-9A1E7A4F7556}") = "C10_Struct", "C10_Struct\C10_Struct.csproj", "{EEF5A061-8BDA-4D4A-BE1F-3F4A15483D03}"
EndProject
Project("{9A19103F-16F7-4668-BE54-9A1E7A4F7556}") = "C11_Enum", "C11_Enum\C11_Enum.csproj", "{9165D456-DC69-4734-8321-B993E2B0C95E}"
EndProject
Project("{9A19103F-16F7-4668-BE54-9A1E7A4F7556}") = "C12_Interfaces", "C12_Interfaces\C12_Interfaces.csproj", "{730AED85-3A2A-4D2A-87BE-7C5BAE7C7B27}"
EndProject
Project("{9A19103F-16F7-4668-BE54-9A1E7A4F7556}") = "C13_Interfaces_2", "C13_Interfaces_2\C13_Interfaces_2.csproj", "{B9DC9A79-DDF9-45CB-BFF9-342FA9CBE765}"
EndProject
Project("{9A19103F-16F7-4668-BE54-9A1E7A4F7556}") = "C14_Abstract_1", "C14_Abstract_1\C14_Abstract_1.csproj", "{EA0870AA-9AC9-4517-B607-A9DD8F45075E}"
EndProject
Project("{9A19103F-16F7-4668-BE54-9A1E7A4F7556}") = "C15_Abstract_2", "C15_Abstract_2\C15_Abstract_2.csproj", "{3475ED58-5FB6-4F6A-AAC2-6D4B4A21C44A}"
EndProject
Project("{FAE04EC0-301F-11D3-BF4B-00C04F79EFBC}") = "UWP1_AsyncAwait", "UWP1_AsyncAwait\UWP1_AsyncAwait.csproj", "{E805330D-60CD-4473-B6AC-5E32628B8F96}"
EndProject
Project("{9A19103F-16F7-4668-BE54-9A1E7A4F7556}") = "C16_WorkerService", "C16_WorkerService\C16_WorkerService.csproj", "{1D45608A-7BA5-402C-8CA9-2ADD2B9F1070}"
EndProject
Project("{9A19103F-16F7-4668-BE54-9A1E7A4F7556}") = "WPF1_ContactList", "WPF1_ContactList\WPF1_ContactList.csproj", "{52FF28FF-D34D-4089-8A93-D69A403333C6}"
EndProject
Project("{FAE04EC0-301F-11D3-BF4B-00C04F79EFBC}") = "WPF2_Design", "WPF2_Design\WPF2_Design.csproj", "{A3296863-9653-419A-8FB4-6359A801C0EC}"
EndProject
Global
	GlobalSection(SolutionConfigurationPlatforms) = preSolution
		Debug|Any CPU = Debug|Any CPU
		Debug|ARM = Debug|ARM
		Debug|ARM64 = Debug|ARM64
		Debug|x64 = Debug|x64
		Debug|x86 = Debug|x86
		Release|Any CPU = Release|Any CPU
		Release|ARM = Release|ARM
		Release|ARM64 = Release|ARM64
		Release|x64 = Release|x64
		Release|x86 = Release|x86
	EndGlobalSection
	GlobalSection(ProjectConfigurationPlatforms) = postSolution
		{7C397293-E959-4171-8FF1-5430A35A2F59}.Debug|Any CPU.ActiveCfg = Debug|Any CPU
		{7C397293-E959-4171-8FF1-5430A35A2F59}.Debug|Any CPU.Build.0 = Debug|Any CPU
		{7C397293-E959-4171-8FF1-5430A35A2F59}.Debug|ARM.ActiveCfg = Debug|Any CPU
		{7C397293-E959-4171-8FF1-5430A35A2F59}.Debug|ARM.Build.0 = Debug|Any CPU
		{7C397293-E959-4171-8FF1-5430A35A2F59}.Debug|ARM64.ActiveCfg = Debug|Any CPU
		{7C397293-E959-4171-8FF1-5430A35A2F59}.Debug|ARM64.Build.0 = Debug|Any CPU
		{7C397293-E959-4171-8FF1-5430A35A2F59}.Debug|x64.ActiveCfg = Debug|Any CPU
		{7C397293-E959-4171-8FF1-5430A35A2F59}.Debug|x64.Build.0 = Debug|Any CPU
		{7C397293-E959-4171-8FF1-5430A35A2F59}.Debug|x86.ActiveCfg = Debug|Any CPU
		{7C397293-E959-4171-8FF1-5430A35A2F59}.Debug|x86.Build.0 = Debug|Any CPU
		{7C397293-E959-4171-8FF1-5430A35A2F59}.Release|Any CPU.ActiveCfg = Release|Any CPU
		{7C397293-E959-4171-8FF1-5430A35A2F59}.Release|Any CPU.Build.0 = Release|Any CPU
		{7C397293-E959-4171-8FF1-5430A35A2F59}.Release|ARM.ActiveCfg = Release|Any CPU
		{7C397293-E959-4171-8FF1-5430A35A2F59}.Release|ARM.Build.0 = Release|Any CPU
		{7C397293-E959-4171-8FF1-5430A35A2F59}.Release|ARM64.ActiveCfg = Release|Any CPU
		{7C397293-E959-4171-8FF1-5430A35A2F59}.Release|ARM64.Build.0 = Release|Any CPU
		{7C397293-E959-4171-8FF1-5430A35A2F59}.Release|x64.ActiveCfg = Release|Any CPU
		{7C397293-E959-4171-8FF1-5430A35A2F59}.Release|x64.Build.0 = Release|Any CPU
		{7C397293-E959-4171-8FF1-5430A35A2F59}.Release|x86.ActiveCfg = Release|Any CPU
		{7C397293-E959-4171-8FF1-5430A35A2F59}.Release|x86.Build.0 = Release|Any CPU
		{235C5F66-7539-402B-A4F2-73DE1562EC6C}.Debug|Any CPU.ActiveCfg = Debug|Any CPU
		{235C5F66-7539-402B-A4F2-73DE1562EC6C}.Debug|Any CPU.Build.0 = Debug|Any CPU
		{235C5F66-7539-402B-A4F2-73DE1562EC6C}.Debug|ARM.ActiveCfg = Debug|Any CPU
		{235C5F66-7539-402B-A4F2-73DE1562EC6C}.Debug|ARM.Build.0 = Debug|Any CPU
		{235C5F66-7539-402B-A4F2-73DE1562EC6C}.Debug|ARM64.ActiveCfg = Debug|Any CPU
		{235C5F66-7539-402B-A4F2-73DE1562EC6C}.Debug|ARM64.Build.0 = Debug|Any CPU
		{235C5F66-7539-402B-A4F2-73DE1562EC6C}.Debug|x64.ActiveCfg = Debug|Any CPU
		{235C5F66-7539-402B-A4F2-73DE1562EC6C}.Debug|x64.Build.0 = Debug|Any CPU
		{235C5F66-7539-402B-A4F2-73DE1562EC6C}.Debug|x86.ActiveCfg = Debug|Any CPU
		{235C5F66-7539-402B-A4F2-73DE1562EC6C}.Debug|x86.Build.0 = Debug|Any CPU
		{235C5F66-7539-402B-A4F2-73DE1562EC6C}.Release|Any CPU.ActiveCfg = Release|Any CPU
		{235C5F66-7539-402B-A4F2-73DE1562EC6C}.Release|Any CPU.Build.0 = Release|Any CPU
		{235C5F66-7539-402B-A4F2-73DE1562EC6C}.Release|ARM.ActiveCfg = Release|Any CPU
		{235C5F66-7539-402B-A4F2-73DE1562EC6C}.Release|ARM.Build.0 = Release|Any CPU
		{235C5F66-7539-402B-A4F2-73DE1562EC6C}.Release|ARM64.ActiveCfg = Release|Any CPU
		{235C5F66-7539-402B-A4F2-73DE1562EC6C}.Release|ARM64.Build.0 = Release|Any CPU
		{235C5F66-7539-402B-A4F2-73DE1562EC6C}.Release|x64.ActiveCfg = Release|Any CPU
		{235C5F66-7539-402B-A4F2-73DE1562EC6C}.Release|x64.Build.0 = Release|Any CPU
		{235C5F66-7539-402B-A4F2-73DE1562EC6C}.Release|x86.ActiveCfg = Release|Any CPU
		{235C5F66-7539-402B-A4F2-73DE1562EC6C}.Release|x86.Build.0 = Release|Any CPU
		{8FF4CB13-8147-4D92-AA32-ADA3F6067975}.Debug|Any CPU.ActiveCfg = Debug|Any CPU
		{8FF4CB13-8147-4D92-AA32-ADA3F6067975}.Debug|Any CPU.Build.0 = Debug|Any CPU
		{8FF4CB13-8147-4D92-AA32-ADA3F6067975}.Debug|ARM.ActiveCfg = Debug|Any CPU
		{8FF4CB13-8147-4D92-AA32-ADA3F6067975}.Debug|ARM.Build.0 = Debug|Any CPU
		{8FF4CB13-8147-4D92-AA32-ADA3F6067975}.Debug|ARM64.ActiveCfg = Debug|Any CPU
		{8FF4CB13-8147-4D92-AA32-ADA3F6067975}.Debug|ARM64.Build.0 = Debug|Any CPU
		{8FF4CB13-8147-4D92-AA32-ADA3F6067975}.Debug|x64.ActiveCfg = Debug|Any CPU
		{8FF4CB13-8147-4D92-AA32-ADA3F6067975}.Debug|x64.Build.0 = Debug|Any CPU
		{8FF4CB13-8147-4D92-AA32-ADA3F6067975}.Debug|x86.ActiveCfg = Debug|Any CPU
		{8FF4CB13-8147-4D92-AA32-ADA3F6067975}.Debug|x86.Build.0 = Debug|Any CPU
		{8FF4CB13-8147-4D92-AA32-ADA3F6067975}.Release|Any CPU.ActiveCfg = Release|Any CPU
		{8FF4CB13-8147-4D92-AA32-ADA3F6067975}.Release|Any CPU.Build.0 = Release|Any CPU
		{8FF4CB13-8147-4D92-AA32-ADA3F6067975}.Release|ARM.ActiveCfg = Release|Any CPU
		{8FF4CB13-8147-4D92-AA32-ADA3F6067975}.Release|ARM.Build.0 = Release|Any CPU
		{8FF4CB13-8147-4D92-AA32-ADA3F6067975}.Release|ARM64.ActiveCfg = Release|Any CPU
		{8FF4CB13-8147-4D92-AA32-ADA3F6067975}.Release|ARM64.Build.0 = Release|Any CPU
		{8FF4CB13-8147-4D92-AA32-ADA3F6067975}.Release|x64.ActiveCfg = Release|Any CPU
		{8FF4CB13-8147-4D92-AA32-ADA3F6067975}.Release|x64.Build.0 = Release|Any CPU
		{8FF4CB13-8147-4D92-AA32-ADA3F6067975}.Release|x86.ActiveCfg = Release|Any CPU
		{8FF4CB13-8147-4D92-AA32-ADA3F6067975}.Release|x86.Build.0 = Release|Any CPU
		{B1E40728-B621-4ECE-B1D0-9950074217C6}.Debug|Any CPU.ActiveCfg = Debug|Any CPU
		{B1E40728-B621-4ECE-B1D0-9950074217C6}.Debug|Any CPU.Build.0 = Debug|Any CPU
		{B1E40728-B621-4ECE-B1D0-9950074217C6}.Debug|ARM.ActiveCfg = Debug|Any CPU
		{B1E40728-B621-4ECE-B1D0-9950074217C6}.Debug|ARM.Build.0 = Debug|Any CPU
		{B1E40728-B621-4ECE-B1D0-9950074217C6}.Debug|ARM64.ActiveCfg = Debug|Any CPU
		{B1E40728-B621-4ECE-B1D0-9950074217C6}.Debug|ARM64.Build.0 = Debug|Any CPU
		{B1E40728-B621-4ECE-B1D0-9950074217C6}.Debug|x64.ActiveCfg = Debug|Any CPU
		{B1E40728-B621-4ECE-B1D0-9950074217C6}.Debug|x64.Build.0 = Debug|Any CPU
		{B1E40728-B621-4ECE-B1D0-9950074217C6}.Debug|x86.ActiveCfg = Debug|Any CPU
		{B1E40728-B621-4ECE-B1D0-9950074217C6}.Debug|x86.Build.0 = Debug|Any CPU
		{B1E40728-B621-4ECE-B1D0-9950074217C6}.Release|Any CPU.ActiveCfg = Release|Any CPU
		{B1E40728-B621-4ECE-B1D0-9950074217C6}.Release|Any CPU.Build.0 = Release|Any CPU
		{B1E40728-B621-4ECE-B1D0-9950074217C6}.Release|ARM.ActiveCfg = Release|Any CPU
		{B1E40728-B621-4ECE-B1D0-9950074217C6}.Release|ARM.Build.0 = Release|Any CPU
		{B1E40728-B621-4ECE-B1D0-9950074217C6}.Release|ARM64.ActiveCfg = Release|Any CPU
		{B1E40728-B621-4ECE-B1D0-9950074217C6}.Release|ARM64.Build.0 = Release|Any CPU
		{B1E40728-B621-4ECE-B1D0-9950074217C6}.Release|x64.ActiveCfg = Release|Any CPU
		{B1E40728-B621-4ECE-B1D0-9950074217C6}.Release|x64.Build.0 = Release|Any CPU
		{B1E40728-B621-4ECE-B1D0-9950074217C6}.Release|x86.ActiveCfg = Release|Any CPU
		{B1E40728-B621-4ECE-B1D0-9950074217C6}.Release|x86.Build.0 = Release|Any CPU
		{339F1CD3-AC59-4A5E-96CF-9BAC17F76411}.Debug|Any CPU.ActiveCfg = Debug|Any CPU
		{339F1CD3-AC59-4A5E-96CF-9BAC17F76411}.Debug|Any CPU.Build.0 = Debug|Any CPU
		{339F1CD3-AC59-4A5E-96CF-9BAC17F76411}.Debug|ARM.ActiveCfg = Debug|Any CPU
		{339F1CD3-AC59-4A5E-96CF-9BAC17F76411}.Debug|ARM.Build.0 = Debug|Any CPU
		{339F1CD3-AC59-4A5E-96CF-9BAC17F76411}.Debug|ARM64.ActiveCfg = Debug|Any CPU
		{339F1CD3-AC59-4A5E-96CF-9BAC17F76411}.Debug|ARM64.Build.0 = Debug|Any CPU
		{339F1CD3-AC59-4A5E-96CF-9BAC17F76411}.Debug|x64.ActiveCfg = Debug|Any CPU
		{339F1CD3-AC59-4A5E-96CF-9BAC17F76411}.Debug|x64.Build.0 = Debug|Any CPU
		{339F1CD3-AC59-4A5E-96CF-9BAC17F76411}.Debug|x86.ActiveCfg = Debug|Any CPU
		{339F1CD3-AC59-4A5E-96CF-9BAC17F76411}.Debug|x86.Build.0 = Debug|Any CPU
		{339F1CD3-AC59-4A5E-96CF-9BAC17F76411}.Release|Any CPU.ActiveCfg = Release|Any CPU
		{339F1CD3-AC59-4A5E-96CF-9BAC17F76411}.Release|Any CPU.Build.0 = Release|Any CPU
		{339F1CD3-AC59-4A5E-96CF-9BAC17F76411}.Release|ARM.ActiveCfg = Release|Any CPU
		{339F1CD3-AC59-4A5E-96CF-9BAC17F76411}.Release|ARM.Build.0 = Release|Any CPU
		{339F1CD3-AC59-4A5E-96CF-9BAC17F76411}.Release|ARM64.ActiveCfg = Release|Any CPU
		{339F1CD3-AC59-4A5E-96CF-9BAC17F76411}.Release|ARM64.Build.0 = Release|Any CPU
		{339F1CD3-AC59-4A5E-96CF-9BAC17F76411}.Release|x64.ActiveCfg = Release|Any CPU
		{339F1CD3-AC59-4A5E-96CF-9BAC17F76411}.Release|x64.Build.0 = Release|Any CPU
		{339F1CD3-AC59-4A5E-96CF-9BAC17F76411}.Release|x86.ActiveCfg = Release|Any CPU
		{339F1CD3-AC59-4A5E-96CF-9BAC17F76411}.Release|x86.Build.0 = Release|Any CPU
		{0613AADC-B885-4494-BDBC-F6D4A2E62A11}.Debug|Any CPU.ActiveCfg = Debug|Any CPU
		{0613AADC-B885-4494-BDBC-F6D4A2E62A11}.Debug|Any CPU.Build.0 = Debug|Any CPU
		{0613AADC-B885-4494-BDBC-F6D4A2E62A11}.Debug|ARM.ActiveCfg = Debug|Any CPU
		{0613AADC-B885-4494-BDBC-F6D4A2E62A11}.Debug|ARM.Build.0 = Debug|Any CPU
		{0613AADC-B885-4494-BDBC-F6D4A2E62A11}.Debug|ARM64.ActiveCfg = Debug|Any CPU
		{0613AADC-B885-4494-BDBC-F6D4A2E62A11}.Debug|ARM64.Build.0 = Debug|Any CPU
		{0613AADC-B885-4494-BDBC-F6D4A2E62A11}.Debug|x64.ActiveCfg = Debug|Any CPU
		{0613AADC-B885-4494-BDBC-F6D4A2E62A11}.Debug|x64.Build.0 = Debug|Any CPU
		{0613AADC-B885-4494-BDBC-F6D4A2E62A11}.Debug|x86.ActiveCfg = Debug|Any CPU
		{0613AADC-B885-4494-BDBC-F6D4A2E62A11}.Debug|x86.Build.0 = Debug|Any CPU
		{0613AADC-B885-4494-BDBC-F6D4A2E62A11}.Release|Any CPU.ActiveCfg = Release|Any CPU
		{0613AADC-B885-4494-BDBC-F6D4A2E62A11}.Release|Any CPU.Build.0 = Release|Any CPU
		{0613AADC-B885-4494-BDBC-F6D4A2E62A11}.Release|ARM.ActiveCfg = Release|Any CPU
		{0613AADC-B885-4494-BDBC-F6D4A2E62A11}.Release|ARM.Build.0 = Release|Any CPU
		{0613AADC-B885-4494-BDBC-F6D4A2E62A11}.Release|ARM64.ActiveCfg = Release|Any CPU
		{0613AADC-B885-4494-BDBC-F6D4A2E62A11}.Release|ARM64.Build.0 = Release|Any CPU
		{0613AADC-B885-4494-BDBC-F6D4A2E62A11}.Release|x64.ActiveCfg = Release|Any CPU
		{0613AADC-B885-4494-BDBC-F6D4A2E62A11}.Release|x64.Build.0 = Release|Any CPU
		{0613AADC-B885-4494-BDBC-F6D4A2E62A11}.Release|x86.ActiveCfg = Release|Any CPU
		{0613AADC-B885-4494-BDBC-F6D4A2E62A11}.Release|x86.Build.0 = Release|Any CPU
		{63ADA921-E56B-4697-BEC8-3467D2138DE0}.Debug|Any CPU.ActiveCfg = Debug|Any CPU
		{63ADA921-E56B-4697-BEC8-3467D2138DE0}.Debug|Any CPU.Build.0 = Debug|Any CPU
		{63ADA921-E56B-4697-BEC8-3467D2138DE0}.Debug|ARM.ActiveCfg = Debug|Any CPU
		{63ADA921-E56B-4697-BEC8-3467D2138DE0}.Debug|ARM.Build.0 = Debug|Any CPU
		{63ADA921-E56B-4697-BEC8-3467D2138DE0}.Debug|ARM64.ActiveCfg = Debug|Any CPU
		{63ADA921-E56B-4697-BEC8-3467D2138DE0}.Debug|ARM64.Build.0 = Debug|Any CPU
		{63ADA921-E56B-4697-BEC8-3467D2138DE0}.Debug|x64.ActiveCfg = Debug|Any CPU
		{63ADA921-E56B-4697-BEC8-3467D2138DE0}.Debug|x64.Build.0 = Debug|Any CPU
		{63ADA921-E56B-4697-BEC8-3467D2138DE0}.Debug|x86.ActiveCfg = Debug|Any CPU
		{63ADA921-E56B-4697-BEC8-3467D2138DE0}.Debug|x86.Build.0 = Debug|Any CPU
		{63ADA921-E56B-4697-BEC8-3467D2138DE0}.Release|Any CPU.ActiveCfg = Release|Any CPU
		{63ADA921-E56B-4697-BEC8-3467D2138DE0}.Release|Any CPU.Build.0 = Release|Any CPU
		{63ADA921-E56B-4697-BEC8-3467D2138DE0}.Release|ARM.ActiveCfg = Release|Any CPU
		{63ADA921-E56B-4697-BEC8-3467D2138DE0}.Release|ARM.Build.0 = Release|Any CPU
		{63ADA921-E56B-4697-BEC8-3467D2138DE0}.Release|ARM64.ActiveCfg = Release|Any CPU
		{63ADA921-E56B-4697-BEC8-3467D2138DE0}.Release|ARM64.Build.0 = Release|Any CPU
		{63ADA921-E56B-4697-BEC8-3467D2138DE0}.Release|x64.ActiveCfg = Release|Any CPU
		{63ADA921-E56B-4697-BEC8-3467D2138DE0}.Release|x64.Build.0 = Release|Any CPU
		{63ADA921-E56B-4697-BEC8-3467D2138DE0}.Release|x86.ActiveCfg = Release|Any CPU
		{63ADA921-E56B-4697-BEC8-3467D2138DE0}.Release|x86.Build.0 = Release|Any CPU
		{06975578-F6E2-4388-8A58-5C21B27DDB43}.Debug|Any CPU.ActiveCfg = Debug|Any CPU
		{06975578-F6E2-4388-8A58-5C21B27DDB43}.Debug|Any CPU.Build.0 = Debug|Any CPU
		{06975578-F6E2-4388-8A58-5C21B27DDB43}.Debug|ARM.ActiveCfg = Debug|Any CPU
		{06975578-F6E2-4388-8A58-5C21B27DDB43}.Debug|ARM.Build.0 = Debug|Any CPU
		{06975578-F6E2-4388-8A58-5C21B27DDB43}.Debug|ARM64.ActiveCfg = Debug|Any CPU
		{06975578-F6E2-4388-8A58-5C21B27DDB43}.Debug|ARM64.Build.0 = Debug|Any CPU
		{06975578-F6E2-4388-8A58-5C21B27DDB43}.Debug|x64.ActiveCfg = Debug|Any CPU
		{06975578-F6E2-4388-8A58-5C21B27DDB43}.Debug|x64.Build.0 = Debug|Any CPU
		{06975578-F6E2-4388-8A58-5C21B27DDB43}.Debug|x86.ActiveCfg = Debug|Any CPU
		{06975578-F6E2-4388-8A58-5C21B27DDB43}.Debug|x86.Build.0 = Debug|Any CPU
		{06975578-F6E2-4388-8A58-5C21B27DDB43}.Release|Any CPU.ActiveCfg = Release|Any CPU
		{06975578-F6E2-4388-8A58-5C21B27DDB43}.Release|Any CPU.Build.0 = Release|Any CPU
		{06975578-F6E2-4388-8A58-5C21B27DDB43}.Release|ARM.ActiveCfg = Release|Any CPU
		{06975578-F6E2-4388-8A58-5C21B27DDB43}.Release|ARM.Build.0 = Release|Any CPU
		{06975578-F6E2-4388-8A58-5C21B27DDB43}.Release|ARM64.ActiveCfg = Release|Any CPU
		{06975578-F6E2-4388-8A58-5C21B27DDB43}.Release|ARM64.Build.0 = Release|Any CPU
		{06975578-F6E2-4388-8A58-5C21B27DDB43}.Release|x64.ActiveCfg = Release|Any CPU
		{06975578-F6E2-4388-8A58-5C21B27DDB43}.Release|x64.Build.0 = Release|Any CPU
		{06975578-F6E2-4388-8A58-5C21B27DDB43}.Release|x86.ActiveCfg = Release|Any CPU
		{06975578-F6E2-4388-8A58-5C21B27DDB43}.Release|x86.Build.0 = Release|Any CPU
		{9FC9EF78-DC28-40DD-848C-D69AD8A37156}.Debug|Any CPU.ActiveCfg = Debug|Any CPU
		{9FC9EF78-DC28-40DD-848C-D69AD8A37156}.Debug|Any CPU.Build.0 = Debug|Any CPU
		{9FC9EF78-DC28-40DD-848C-D69AD8A37156}.Debug|ARM.ActiveCfg = Debug|Any CPU
		{9FC9EF78-DC28-40DD-848C-D69AD8A37156}.Debug|ARM.Build.0 = Debug|Any CPU
		{9FC9EF78-DC28-40DD-848C-D69AD8A37156}.Debug|ARM64.ActiveCfg = Debug|Any CPU
		{9FC9EF78-DC28-40DD-848C-D69AD8A37156}.Debug|ARM64.Build.0 = Debug|Any CPU
		{9FC9EF78-DC28-40DD-848C-D69AD8A37156}.Debug|x64.ActiveCfg = Debug|Any CPU
		{9FC9EF78-DC28-40DD-848C-D69AD8A37156}.Debug|x64.Build.0 = Debug|Any CPU
		{9FC9EF78-DC28-40DD-848C-D69AD8A37156}.Debug|x86.ActiveCfg = Debug|Any CPU
		{9FC9EF78-DC28-40DD-848C-D69AD8A37156}.Debug|x86.Build.0 = Debug|Any CPU
		{9FC9EF78-DC28-40DD-848C-D69AD8A37156}.Release|Any CPU.ActiveCfg = Release|Any CPU
		{9FC9EF78-DC28-40DD-848C-D69AD8A37156}.Release|Any CPU.Build.0 = Release|Any CPU
		{9FC9EF78-DC28-40DD-848C-D69AD8A37156}.Release|ARM.ActiveCfg = Release|Any CPU
		{9FC9EF78-DC28-40DD-848C-D69AD8A37156}.Release|ARM.Build.0 = Release|Any CPU
		{9FC9EF78-DC28-40DD-848C-D69AD8A37156}.Release|ARM64.ActiveCfg = Release|Any CPU
		{9FC9EF78-DC28-40DD-848C-D69AD8A37156}.Release|ARM64.Build.0 = Release|Any CPU
		{9FC9EF78-DC28-40DD-848C-D69AD8A37156}.Release|x64.ActiveCfg = Release|Any CPU
		{9FC9EF78-DC28-40DD-848C-D69AD8A37156}.Release|x64.Build.0 = Release|Any CPU
		{9FC9EF78-DC28-40DD-848C-D69AD8A37156}.Release|x86.ActiveCfg = Release|Any CPU
		{9FC9EF78-DC28-40DD-848C-D69AD8A37156}.Release|x86.Build.0 = Release|Any CPU
		{EEF5A061-8BDA-4D4A-BE1F-3F4A15483D03}.Debug|Any CPU.ActiveCfg = Debug|Any CPU
		{EEF5A061-8BDA-4D4A-BE1F-3F4A15483D03}.Debug|Any CPU.Build.0 = Debug|Any CPU
		{EEF5A061-8BDA-4D4A-BE1F-3F4A15483D03}.Debug|ARM.ActiveCfg = Debug|Any CPU
		{EEF5A061-8BDA-4D4A-BE1F-3F4A15483D03}.Debug|ARM.Build.0 = Debug|Any CPU
		{EEF5A061-8BDA-4D4A-BE1F-3F4A15483D03}.Debug|ARM64.ActiveCfg = Debug|Any CPU
		{EEF5A061-8BDA-4D4A-BE1F-3F4A15483D03}.Debug|ARM64.Build.0 = Debug|Any CPU
		{EEF5A061-8BDA-4D4A-BE1F-3F4A15483D03}.Debug|x64.ActiveCfg = Debug|Any CPU
		{EEF5A061-8BDA-4D4A-BE1F-3F4A15483D03}.Debug|x64.Build.0 = Debug|Any CPU
		{EEF5A061-8BDA-4D4A-BE1F-3F4A15483D03}.Debug|x86.ActiveCfg = Debug|Any CPU
		{EEF5A061-8BDA-4D4A-BE1F-3F4A15483D03}.Debug|x86.Build.0 = Debug|Any CPU
		{EEF5A061-8BDA-4D4A-BE1F-3F4A15483D03}.Release|Any CPU.ActiveCfg = Release|Any CPU
		{EEF5A061-8BDA-4D4A-BE1F-3F4A15483D03}.Release|Any CPU.Build.0 = Release|Any CPU
		{EEF5A061-8BDA-4D4A-BE1F-3F4A15483D03}.Release|ARM.ActiveCfg = Release|Any CPU
		{EEF5A061-8BDA-4D4A-BE1F-3F4A15483D03}.Release|ARM.Build.0 = Release|Any CPU
		{EEF5A061-8BDA-4D4A-BE1F-3F4A15483D03}.Release|ARM64.ActiveCfg = Release|Any CPU
		{EEF5A061-8BDA-4D4A-BE1F-3F4A15483D03}.Release|ARM64.Build.0 = Release|Any CPU
		{EEF5A061-8BDA-4D4A-BE1F-3F4A15483D03}.Release|x64.ActiveCfg = Release|Any CPU
		{EEF5A061-8BDA-4D4A-BE1F-3F4A15483D03}.Release|x64.Build.0 = Release|Any CPU
		{EEF5A061-8BDA-4D4A-BE1F-3F4A15483D03}.Release|x86.ActiveCfg = Release|Any CPU
		{EEF5A061-8BDA-4D4A-BE1F-3F4A15483D03}.Release|x86.Build.0 = Release|Any CPU
		{9165D456-DC69-4734-8321-B993E2B0C95E}.Debug|Any CPU.ActiveCfg = Debug|Any CPU
		{9165D456-DC69-4734-8321-B993E2B0C95E}.Debug|Any CPU.Build.0 = Debug|Any CPU
		{9165D456-DC69-4734-8321-B993E2B0C95E}.Debug|ARM.ActiveCfg = Debug|Any CPU
		{9165D456-DC69-4734-8321-B993E2B0C95E}.Debug|ARM.Build.0 = Debug|Any CPU
		{9165D456-DC69-4734-8321-B993E2B0C95E}.Debug|ARM64.ActiveCfg = Debug|Any CPU
		{9165D456-DC69-4734-8321-B993E2B0C95E}.Debug|ARM64.Build.0 = Debug|Any CPU
		{9165D456-DC69-4734-8321-B993E2B0C95E}.Debug|x64.ActiveCfg = Debug|Any CPU
		{9165D456-DC69-4734-8321-B993E2B0C95E}.Debug|x64.Build.0 = Debug|Any CPU
		{9165D456-DC69-4734-8321-B993E2B0C95E}.Debug|x86.ActiveCfg = Debug|Any CPU
		{9165D456-DC69-4734-8321-B993E2B0C95E}.Debug|x86.Build.0 = Debug|Any CPU
		{9165D456-DC69-4734-8321-B993E2B0C95E}.Release|Any CPU.ActiveCfg = Release|Any CPU
		{9165D456-DC69-4734-8321-B993E2B0C95E}.Release|Any CPU.Build.0 = Release|Any CPU
		{9165D456-DC69-4734-8321-B993E2B0C95E}.Release|ARM.ActiveCfg = Release|Any CPU
		{9165D456-DC69-4734-8321-B993E2B0C95E}.Release|ARM.Build.0 = Release|Any CPU
		{9165D456-DC69-4734-8321-B993E2B0C95E}.Release|ARM64.ActiveCfg = Release|Any CPU
		{9165D456-DC69-4734-8321-B993E2B0C95E}.Release|ARM64.Build.0 = Release|Any CPU
		{9165D456-DC69-4734-8321-B993E2B0C95E}.Release|x64.ActiveCfg = Release|Any CPU
		{9165D456-DC69-4734-8321-B993E2B0C95E}.Release|x64.Build.0 = Release|Any CPU
		{9165D456-DC69-4734-8321-B993E2B0C95E}.Release|x86.ActiveCfg = Release|Any CPU
		{9165D456-DC69-4734-8321-B993E2B0C95E}.Release|x86.Build.0 = Release|Any CPU
		{730AED85-3A2A-4D2A-87BE-7C5BAE7C7B27}.Debug|Any CPU.ActiveCfg = Debug|Any CPU
		{730AED85-3A2A-4D2A-87BE-7C5BAE7C7B27}.Debug|Any CPU.Build.0 = Debug|Any CPU
		{730AED85-3A2A-4D2A-87BE-7C5BAE7C7B27}.Debug|ARM.ActiveCfg = Debug|Any CPU
		{730AED85-3A2A-4D2A-87BE-7C5BAE7C7B27}.Debug|ARM.Build.0 = Debug|Any CPU
		{730AED85-3A2A-4D2A-87BE-7C5BAE7C7B27}.Debug|ARM64.ActiveCfg = Debug|Any CPU
		{730AED85-3A2A-4D2A-87BE-7C5BAE7C7B27}.Debug|ARM64.Build.0 = Debug|Any CPU
		{730AED85-3A2A-4D2A-87BE-7C5BAE7C7B27}.Debug|x64.ActiveCfg = Debug|Any CPU
		{730AED85-3A2A-4D2A-87BE-7C5BAE7C7B27}.Debug|x64.Build.0 = Debug|Any CPU
		{730AED85-3A2A-4D2A-87BE-7C5BAE7C7B27}.Debug|x86.ActiveCfg = Debug|Any CPU
		{730AED85-3A2A-4D2A-87BE-7C5BAE7C7B27}.Debug|x86.Build.0 = Debug|Any CPU
		{730AED85-3A2A-4D2A-87BE-7C5BAE7C7B27}.Release|Any CPU.ActiveCfg = Release|Any CPU
		{730AED85-3A2A-4D2A-87BE-7C5BAE7C7B27}.Release|Any CPU.Build.0 = Release|Any CPU
		{730AED85-3A2A-4D2A-87BE-7C5BAE7C7B27}.Release|ARM.ActiveCfg = Release|Any CPU
		{730AED85-3A2A-4D2A-87BE-7C5BAE7C7B27}.Release|ARM.Build.0 = Release|Any CPU
		{730AED85-3A2A-4D2A-87BE-7C5BAE7C7B27}.Release|ARM64.ActiveCfg = Release|Any CPU
		{730AED85-3A2A-4D2A-87BE-7C5BAE7C7B27}.Release|ARM64.Build.0 = Release|Any CPU
		{730AED85-3A2A-4D2A-87BE-7C5BAE7C7B27}.Release|x64.ActiveCfg = Release|Any CPU
		{730AED85-3A2A-4D2A-87BE-7C5BAE7C7B27}.Release|x64.Build.0 = Release|Any CPU
		{730AED85-3A2A-4D2A-87BE-7C5BAE7C7B27}.Release|x86.ActiveCfg = Release|Any CPU
		{730AED85-3A2A-4D2A-87BE-7C5BAE7C7B27}.Release|x86.Build.0 = Release|Any CPU
		{B9DC9A79-DDF9-45CB-BFF9-342FA9CBE765}.Debug|Any CPU.ActiveCfg = Debug|Any CPU
		{B9DC9A79-DDF9-45CB-BFF9-342FA9CBE765}.Debug|Any CPU.Build.0 = Debug|Any CPU
		{B9DC9A79-DDF9-45CB-BFF9-342FA9CBE765}.Debug|ARM.ActiveCfg = Debug|Any CPU
		{B9DC9A79-DDF9-45CB-BFF9-342FA9CBE765}.Debug|ARM.Build.0 = Debug|Any CPU
		{B9DC9A79-DDF9-45CB-BFF9-342FA9CBE765}.Debug|ARM64.ActiveCfg = Debug|Any CPU
		{B9DC9A79-DDF9-45CB-BFF9-342FA9CBE765}.Debug|ARM64.Build.0 = Debug|Any CPU
		{B9DC9A79-DDF9-45CB-BFF9-342FA9CBE765}.Debug|x64.ActiveCfg = Debug|Any CPU
		{B9DC9A79-DDF9-45CB-BFF9-342FA9CBE765}.Debug|x64.Build.0 = Debug|Any CPU
		{B9DC9A79-DDF9-45CB-BFF9-342FA9CBE765}.Debug|x86.ActiveCfg = Debug|Any CPU
		{B9DC9A79-DDF9-45CB-BFF9-342FA9CBE765}.Debug|x86.Build.0 = Debug|Any CPU
		{B9DC9A79-DDF9-45CB-BFF9-342FA9CBE765}.Release|Any CPU.ActiveCfg = Release|Any CPU
		{B9DC9A79-DDF9-45CB-BFF9-342FA9CBE765}.Release|Any CPU.Build.0 = Release|Any CPU
		{B9DC9A79-DDF9-45CB-BFF9-342FA9CBE765}.Release|ARM.ActiveCfg = Release|Any CPU
		{B9DC9A79-DDF9-45CB-BFF9-342FA9CBE765}.Release|ARM.Build.0 = Release|Any CPU
		{B9DC9A79-DDF9-45CB-BFF9-342FA9CBE765}.Release|ARM64.ActiveCfg = Release|Any CPU
		{B9DC9A79-DDF9-45CB-BFF9-342FA9CBE765}.Release|ARM64.Build.0 = Release|Any CPU
		{B9DC9A79-DDF9-45CB-BFF9-342FA9CBE765}.Release|x64.ActiveCfg = Release|Any CPU
		{B9DC9A79-DDF9-45CB-BFF9-342FA9CBE765}.Release|x64.Build.0 = Release|Any CPU
		{B9DC9A79-DDF9-45CB-BFF9-342FA9CBE765}.Release|x86.ActiveCfg = Release|Any CPU
		{B9DC9A79-DDF9-45CB-BFF9-342FA9CBE765}.Release|x86.Build.0 = Release|Any CPU
		{EA0870AA-9AC9-4517-B607-A9DD8F45075E}.Debug|Any CPU.ActiveCfg = Debug|Any CPU
		{EA0870AA-9AC9-4517-B607-A9DD8F45075E}.Debug|Any CPU.Build.0 = Debug|Any CPU
		{EA0870AA-9AC9-4517-B607-A9DD8F45075E}.Debug|ARM.ActiveCfg = Debug|Any CPU
		{EA0870AA-9AC9-4517-B607-A9DD8F45075E}.Debug|ARM.Build.0 = Debug|Any CPU
		{EA0870AA-9AC9-4517-B607-A9DD8F45075E}.Debug|ARM64.ActiveCfg = Debug|Any CPU
		{EA0870AA-9AC9-4517-B607-A9DD8F45075E}.Debug|ARM64.Build.0 = Debug|Any CPU
		{EA0870AA-9AC9-4517-B607-A9DD8F45075E}.Debug|x64.ActiveCfg = Debug|Any CPU
		{EA0870AA-9AC9-4517-B607-A9DD8F45075E}.Debug|x64.Build.0 = Debug|Any CPU
		{EA0870AA-9AC9-4517-B607-A9DD8F45075E}.Debug|x86.ActiveCfg = Debug|Any CPU
		{EA0870AA-9AC9-4517-B607-A9DD8F45075E}.Debug|x86.Build.0 = Debug|Any CPU
		{EA0870AA-9AC9-4517-B607-A9DD8F45075E}.Release|Any CPU.ActiveCfg = Release|Any CPU
		{EA0870AA-9AC9-4517-B607-A9DD8F45075E}.Release|Any CPU.Build.0 = Release|Any CPU
		{EA0870AA-9AC9-4517-B607-A9DD8F45075E}.Release|ARM.ActiveCfg = Release|Any CPU
		{EA0870AA-9AC9-4517-B607-A9DD8F45075E}.Release|ARM.Build.0 = Release|Any CPU
		{EA0870AA-9AC9-4517-B607-A9DD8F45075E}.Release|ARM64.ActiveCfg = Release|Any CPU
		{EA0870AA-9AC9-4517-B607-A9DD8F45075E}.Release|ARM64.Build.0 = Release|Any CPU
		{EA0870AA-9AC9-4517-B607-A9DD8F45075E}.Release|x64.ActiveCfg = Release|Any CPU
		{EA0870AA-9AC9-4517-B607-A9DD8F45075E}.Release|x64.Build.0 = Release|Any CPU
		{EA0870AA-9AC9-4517-B607-A9DD8F45075E}.Release|x86.ActiveCfg = Release|Any CPU
		{EA0870AA-9AC9-4517-B607-A9DD8F45075E}.Release|x86.Build.0 = Release|Any CPU
		{3475ED58-5FB6-4F6A-AAC2-6D4B4A21C44A}.Debug|Any CPU.ActiveCfg = Debug|Any CPU
		{3475ED58-5FB6-4F6A-AAC2-6D4B4A21C44A}.Debug|Any CPU.Build.0 = Debug|Any CPU
		{3475ED58-5FB6-4F6A-AAC2-6D4B4A21C44A}.Debug|ARM.ActiveCfg = Debug|Any CPU
		{3475ED58-5FB6-4F6A-AAC2-6D4B4A21C44A}.Debug|ARM.Build.0 = Debug|Any CPU
		{3475ED58-5FB6-4F6A-AAC2-6D4B4A21C44A}.Debug|ARM64.ActiveCfg = Debug|Any CPU
		{3475ED58-5FB6-4F6A-AAC2-6D4B4A21C44A}.Debug|ARM64.Build.0 = Debug|Any CPU
		{3475ED58-5FB6-4F6A-AAC2-6D4B4A21C44A}.Debug|x64.ActiveCfg = Debug|Any CPU
		{3475ED58-5FB6-4F6A-AAC2-6D4B4A21C44A}.Debug|x64.Build.0 = Debug|Any CPU
		{3475ED58-5FB6-4F6A-AAC2-6D4B4A21C44A}.Debug|x86.ActiveCfg = Debug|Any CPU
		{3475ED58-5FB6-4F6A-AAC2-6D4B4A21C44A}.Debug|x86.Build.0 = Debug|Any CPU
		{3475ED58-5FB6-4F6A-AAC2-6D4B4A21C44A}.Release|Any CPU.ActiveCfg = Release|Any CPU
		{3475ED58-5FB6-4F6A-AAC2-6D4B4A21C44A}.Release|Any CPU.Build.0 = Release|Any CPU
		{3475ED58-5FB6-4F6A-AAC2-6D4B4A21C44A}.Release|ARM.ActiveCfg = Release|Any CPU
		{3475ED58-5FB6-4F6A-AAC2-6D4B4A21C44A}.Release|ARM.Build.0 = Release|Any CPU
		{3475ED58-5FB6-4F6A-AAC2-6D4B4A21C44A}.Release|ARM64.ActiveCfg = Release|Any CPU
		{3475ED58-5FB6-4F6A-AAC2-6D4B4A21C44A}.Release|ARM64.Build.0 = Release|Any CPU
		{3475ED58-5FB6-4F6A-AAC2-6D4B4A21C44A}.Release|x64.ActiveCfg = Release|Any CPU
		{3475ED58-5FB6-4F6A-AAC2-6D4B4A21C44A}.Release|x64.Build.0 = Release|Any CPU
		{3475ED58-5FB6-4F6A-AAC2-6D4B4A21C44A}.Release|x86.ActiveCfg = Release|Any CPU
		{3475ED58-5FB6-4F6A-AAC2-6D4B4A21C44A}.Release|x86.Build.0 = Release|Any CPU
		{E805330D-60CD-4473-B6AC-5E32628B8F96}.Debug|Any CPU.ActiveCfg = Debug|x86
		{E805330D-60CD-4473-B6AC-5E32628B8F96}.Debug|ARM.ActiveCfg = Debug|ARM
		{E805330D-60CD-4473-B6AC-5E32628B8F96}.Debug|ARM.Build.0 = Debug|ARM
		{E805330D-60CD-4473-B6AC-5E32628B8F96}.Debug|ARM.Deploy.0 = Debug|ARM
		{E805330D-60CD-4473-B6AC-5E32628B8F96}.Debug|ARM64.ActiveCfg = Debug|ARM64
		{E805330D-60CD-4473-B6AC-5E32628B8F96}.Debug|ARM64.Build.0 = Debug|ARM64
		{E805330D-60CD-4473-B6AC-5E32628B8F96}.Debug|ARM64.Deploy.0 = Debug|ARM64
		{E805330D-60CD-4473-B6AC-5E32628B8F96}.Debug|x64.ActiveCfg = Debug|x64
		{E805330D-60CD-4473-B6AC-5E32628B8F96}.Debug|x64.Build.0 = Debug|x64
		{E805330D-60CD-4473-B6AC-5E32628B8F96}.Debug|x64.Deploy.0 = Debug|x64
		{E805330D-60CD-4473-B6AC-5E32628B8F96}.Debug|x86.ActiveCfg = Debug|x86
		{E805330D-60CD-4473-B6AC-5E32628B8F96}.Debug|x86.Build.0 = Debug|x86
		{E805330D-60CD-4473-B6AC-5E32628B8F96}.Debug|x86.Deploy.0 = Debug|x86
		{E805330D-60CD-4473-B6AC-5E32628B8F96}.Release|Any CPU.ActiveCfg = Release|x86
		{E805330D-60CD-4473-B6AC-5E32628B8F96}.Release|ARM.ActiveCfg = Release|ARM
		{E805330D-60CD-4473-B6AC-5E32628B8F96}.Release|ARM.Build.0 = Release|ARM
		{E805330D-60CD-4473-B6AC-5E32628B8F96}.Release|ARM.Deploy.0 = Release|ARM
		{E805330D-60CD-4473-B6AC-5E32628B8F96}.Release|ARM64.ActiveCfg = Release|ARM64
		{E805330D-60CD-4473-B6AC-5E32628B8F96}.Release|ARM64.Build.0 = Release|ARM64
		{E805330D-60CD-4473-B6AC-5E32628B8F96}.Release|ARM64.Deploy.0 = Release|ARM64
		{E805330D-60CD-4473-B6AC-5E32628B8F96}.Release|x64.ActiveCfg = Release|x64
		{E805330D-60CD-4473-B6AC-5E32628B8F96}.Release|x64.Build.0 = Release|x64
		{E805330D-60CD-4473-B6AC-5E32628B8F96}.Release|x64.Deploy.0 = Release|x64
		{E805330D-60CD-4473-B6AC-5E32628B8F96}.Release|x86.ActiveCfg = Release|x86
		{E805330D-60CD-4473-B6AC-5E32628B8F96}.Release|x86.Build.0 = Release|x86
		{E805330D-60CD-4473-B6AC-5E32628B8F96}.Release|x86.Deploy.0 = Release|x86
		{1D45608A-7BA5-402C-8CA9-2ADD2B9F1070}.Debug|Any CPU.ActiveCfg = Debug|Any CPU
		{1D45608A-7BA5-402C-8CA9-2ADD2B9F1070}.Debug|Any CPU.Build.0 = Debug|Any CPU
		{1D45608A-7BA5-402C-8CA9-2ADD2B9F1070}.Debug|ARM.ActiveCfg = Debug|Any CPU
		{1D45608A-7BA5-402C-8CA9-2ADD2B9F1070}.Debug|ARM.Build.0 = Debug|Any CPU
		{1D45608A-7BA5-402C-8CA9-2ADD2B9F1070}.Debug|ARM64.ActiveCfg = Debug|Any CPU
		{1D45608A-7BA5-402C-8CA9-2ADD2B9F1070}.Debug|ARM64.Build.0 = Debug|Any CPU
		{1D45608A-7BA5-402C-8CA9-2ADD2B9F1070}.Debug|x64.ActiveCfg = Debug|Any CPU
		{1D45608A-7BA5-402C-8CA9-2ADD2B9F1070}.Debug|x64.Build.0 = Debug|Any CPU
		{1D45608A-7BA5-402C-8CA9-2ADD2B9F1070}.Debug|x86.ActiveCfg = Debug|Any CPU
		{1D45608A-7BA5-402C-8CA9-2ADD2B9F1070}.Debug|x86.Build.0 = Debug|Any CPU
		{1D45608A-7BA5-402C-8CA9-2ADD2B9F1070}.Release|Any CPU.ActiveCfg = Release|Any CPU
		{1D45608A-7BA5-402C-8CA9-2ADD2B9F1070}.Release|Any CPU.Build.0 = Release|Any CPU
		{1D45608A-7BA5-402C-8CA9-2ADD2B9F1070}.Release|ARM.ActiveCfg = Release|Any CPU
		{1D45608A-7BA5-402C-8CA9-2ADD2B9F1070}.Release|ARM.Build.0 = Release|Any CPU
		{1D45608A-7BA5-402C-8CA9-2ADD2B9F1070}.Release|ARM64.ActiveCfg = Release|Any CPU
		{1D45608A-7BA5-402C-8CA9-2ADD2B9F1070}.Release|ARM64.Build.0 = Release|Any CPU
		{1D45608A-7BA5-402C-8CA9-2ADD2B9F1070}.Release|x64.ActiveCfg = Release|Any CPU
		{1D45608A-7BA5-402C-8CA9-2ADD2B9F1070}.Release|x64.Build.0 = Release|Any CPU
		{1D45608A-7BA5-402C-8CA9-2ADD2B9F1070}.Release|x86.ActiveCfg = Release|Any CPU
		{1D45608A-7BA5-402C-8CA9-2ADD2B9F1070}.Release|x86.Build.0 = Release|Any CPU
		{52FF28FF-D34D-4089-8A93-D69A403333C6}.Debug|Any CPU.ActiveCfg = Debug|Any CPU
		{52FF28FF-D34D-4089-8A93-D69A403333C6}.Debug|Any CPU.Build.0 = Debug|Any CPU
		{52FF28FF-D34D-4089-8A93-D69A403333C6}.Debug|ARM.ActiveCfg = Debug|Any CPU
		{52FF28FF-D34D-4089-8A93-D69A403333C6}.Debug|ARM.Build.0 = Debug|Any CPU
		{52FF28FF-D34D-4089-8A93-D69A403333C6}.Debug|ARM64.ActiveCfg = Debug|Any CPU
		{52FF28FF-D34D-4089-8A93-D69A403333C6}.Debug|ARM64.Build.0 = Debug|Any CPU
		{52FF28FF-D34D-4089-8A93-D69A403333C6}.Debug|x64.ActiveCfg = Debug|Any CPU
		{52FF28FF-D34D-4089-8A93-D69A403333C6}.Debug|x64.Build.0 = Debug|Any CPU
		{52FF28FF-D34D-4089-8A93-D69A403333C6}.Debug|x86.ActiveCfg = Debug|Any CPU
		{52FF28FF-D34D-4089-8A93-D69A403333C6}.Debug|x86.Build.0 = Debug|Any CPU
		{52FF28FF-D34D-4089-8A93-D69A403333C6}.Release|Any CPU.ActiveCfg = Release|Any CPU
		{52FF28FF-D34D-4089-8A93-D69A403333C6}.Release|Any CPU.Build.0 = Release|Any CPU
		{52FF28FF-D34D-4089-8A93-D69A403333C6}.Release|ARM.ActiveCfg = Release|Any CPU
		{52FF28FF-D34D-4089-8A93-D69A403333C6}.Release|ARM.Build.0 = Release|Any CPU
		{52FF28FF-D34D-4089-8A93-D69A403333C6}.Release|ARM64.ActiveCfg = Release|Any CPU
		{52FF28FF-D34D-4089-8A93-D69A403333C6}.Release|ARM64.Build.0 = Release|Any CPU
		{52FF28FF-D34D-4089-8A93-D69A403333C6}.Release|x64.ActiveCfg = Release|Any CPU
		{52FF28FF-D34D-4089-8A93-D69A403333C6}.Release|x64.Build.0 = Release|Any CPU
		{52FF28FF-D34D-4089-8A93-D69A403333C6}.Release|x86.ActiveCfg = Release|Any CPU
		{52FF28FF-D34D-4089-8A93-D69A403333C6}.Release|x86.Build.0 = Release|Any CPU
		{A3296863-9653-419A-8FB4-6359A801C0EC}.Debug|Any CPU.ActiveCfg = Debug|Any CPU
		{A3296863-9653-419A-8FB4-6359A801C0EC}.Debug|Any CPU.Build.0 = Debug|Any CPU
		{A3296863-9653-419A-8FB4-6359A801C0EC}.Debug|ARM.ActiveCfg = Debug|Any CPU
		{A3296863-9653-419A-8FB4-6359A801C0EC}.Debug|ARM.Build.0 = Debug|Any CPU
		{A3296863-9653-419A-8FB4-6359A801C0EC}.Debug|ARM64.ActiveCfg = Debug|Any CPU
		{A3296863-9653-419A-8FB4-6359A801C0EC}.Debug|ARM64.Build.0 = Debug|Any CPU
		{A3296863-9653-419A-8FB4-6359A801C0EC}.Debug|x64.ActiveCfg = Debug|Any CPU
		{A3296863-9653-419A-8FB4-6359A801C0EC}.Debug|x64.Build.0 = Debug|Any CPU
		{A3296863-9653-419A-8FB4-6359A801C0EC}.Debug|x86.ActiveCfg = Debug|Any CPU
		{A3296863-9653-419A-8FB4-6359A801C0EC}.Debug|x86.Build.0 = Debug|Any CPU
		{A3296863-9653-419A-8FB4-6359A801C0EC}.Release|Any CPU.ActiveCfg = Release|Any CPU
		{A3296863-9653-419A-8FB4-6359A801C0EC}.Release|Any CPU.Build.0 = Release|Any CPU
		{A3296863-9653-419A-8FB4-6359A801C0EC}.Release|ARM.ActiveCfg = Release|Any CPU
		{A3296863-9653-419A-8FB4-6359A801C0EC}.Release|ARM.Build.0 = Release|Any CPU
		{A3296863-9653-419A-8FB4-6359A801C0EC}.Release|ARM64.ActiveCfg = Release|Any CPU
		{A3296863-9653-419A-8FB4-6359A801C0EC}.Release|ARM64.Build.0 = Release|Any CPU
		{A3296863-9653-419A-8FB4-6359A801C0EC}.Release|x64.ActiveCfg = Release|Any CPU
		{A3296863-9653-419A-8FB4-6359A801C0EC}.Release|x64.Build.0 = Release|Any CPU
		{A3296863-9653-419A-8FB4-6359A801C0EC}.Release|x86.ActiveCfg = Release|Any CPU
		{A3296863-9653-419A-8FB4-6359A801C0EC}.Release|x86.Build.0 = Release|Any CPU
	EndGlobalSection
	GlobalSection(SolutionProperties) = preSolution
		HideSolutionNode = FALSE
	EndGlobalSection
	GlobalSection(ExtensibilityGlobals) = postSolution
		SolutionGuid = {6A8D26DD-C76A-44E4-BF2E-DF1206D85AC9}
	EndGlobalSection
EndGlobal
